// !$*UTF8*$!
{
	archiveVersion = 1;
	classes = {
	};
	objectVersion = 46;
	objects = {

/* Begin PBXBuildFile section */
		DD7BB85B193F19CF006D05AB /* AppDelegate.swift in Sources */ = {isa = PBXBuildFile; fileRef = DD7BB85A193F19CF006D05AB /* AppDelegate.swift */; };
		DD7BB85D193F19CF006D05AB /* Images.xcassets in Resources */ = {isa = PBXBuildFile; fileRef = DD7BB85C193F19CF006D05AB /* Images.xcassets */; };
		DD7BB869193F19D0006D05AB /* ToDoListTests.swift in Sources */ = {isa = PBXBuildFile; fileRef = DD7BB868193F19D0006D05AB /* ToDoListTests.swift */; };
/* End PBXBuildFile section */

/* Begin PBXContainerItemProxy section */
		DD7BB863193F19D0006D05AB /* PBXContainerItemProxy */ = {
			isa = PBXContainerItemProxy;
			containerPortal = DD7BB84D193F19CF006D05AB /* Project object */;
			proxyType = 1;
			remoteGlobalIDString = DD7BB854193F19CF006D05AB;
			remoteInfo = ToDoList;
		};
/* End PBXContainerItemProxy section */

/* Begin PBXFileReference section */
		DD7BB855193F19CF006D05AB /* ToDoList.app */ = {isa = PBXFileReference; explicitFileType = wrapper.application; includeInIndex = 0; path = ToDoList.app; sourceTree = BUILT_PRODUCTS_DIR; };
		DD7BB859193F19CF006D05AB /* Info.plist */ = {isa = PBXFileReference; lastKnownFileType = text.plist.xml; path = Info.plist; sourceTree = "<group>"; };
		DD7BB85A193F19CF006D05AB /* AppDelegate.swift */ = {isa = PBXFileReference; lastKnownFileType = sourcecode.swift; path = AppDelegate.swift; sourceTree = "<group>"; };
		DD7BB85C193F19CF006D05AB /* Images.xcassets */ = {isa = PBXFileReference; lastKnownFileType = folder.assetcatalog; path = Images.xcassets; sourceTree = "<group>"; };
		DD7BB862193F19D0006D05AB /* ToDoListTests.xctest */ = {isa = PBXFileReference; explicitFileType = wrapper.cfbundle; includeInIndex = 0; path = ToDoListTests.xctest; sourceTree = BUILT_PRODUCTS_DIR; };
		DD7BB867193F19D0006D05AB /* Info.plist */ = {isa = PBXFileReference; lastKnownFileType = text.plist.xml; path = Info.plist; sourceTree = "<group>"; };
		DD7BB868193F19D0006D05AB /* ToDoListTests.swift */ = {isa = PBXFileReference; lastKnownFileType = sourcecode.swift; path = ToDoListTests.swift; sourceTree = "<group>"; };
/* End PBXFileReference section */

/* Begin PBXFrameworksBuildPhase section */
		DD7BB852193F19CF006D05AB /* Frameworks */ = {
			isa = PBXFrameworksBuildPhase;
			buildActionMask = 2147483647;
			files = (
			);
			runOnlyForDeploymentPostprocessing = 0;
		};
		DD7BB85F193F19D0006D05AB /* Frameworks */ = {
			isa = PBXFrameworksBuildPhase;
			buildActionMask = 2147483647;
			files = (
			);
			runOnlyForDeploymentPostprocessing = 0;
		};
/* End PBXFrameworksBuildPhase section */

/* Begin PBXGroup section */
		DD7BB84C193F19CF006D05AB = {
			isa = PBXGroup;
			children = (
				DD7BB857193F19CF006D05AB /* ToDoList */,
				DD7BB865193F19D0006D05AB /* ToDoListTests */,
				DD7BB856193F19CF006D05AB /* Products */,
			);
			sourceTree = "<group>";
		};
		DD7BB856193F19CF006D05AB /* Products */ = {
			isa = PBXGroup;
			children = (
				DD7BB855193F19CF006D05AB /* ToDoList.app */,
				DD7BB862193F19D0006D05AB /* ToDoListTests.xctest */,
			);
			name = Products;
			sourceTree = "<group>";
		};
		DD7BB857193F19CF006D05AB /* ToDoList */ = {
			isa = PBXGroup;
			children = (
				DD7BB85A193F19CF006D05AB /* AppDelegate.swift */,
				DD7BB85C193F19CF006D05AB /* Images.xcassets */,
				DD7BB858193F19CF006D05AB /* Supporting Files */,
			);
			path = ToDoList;
			sourceTree = "<group>";
		};
		DD7BB858193F19CF006D05AB /* Supporting Files */ = {
			isa = PBXGroup;
			children = (
				DD7BB859193F19CF006D05AB /* Info.plist */,
			);
			name = "Supporting Files";
			sourceTree = "<group>";
		};
		DD7BB865193F19D0006D05AB /* ToDoListTests */ = {
			isa = PBXGroup;
			children = (
				DD7BB868193F19D0006D05AB /* ToDoListTests.swift */,
				DD7BB866193F19D0006D05AB /* Supporting Files */,
			);
			path = ToDoListTests;
			sourceTree = "<group>";
		};
		DD7BB866193F19D0006D05AB /* Supporting Files */ = {
			isa = PBXGroup;
			children = (
				DD7BB867193F19D0006D05AB /* Info.plist */,
			);
			name = "Supporting Files";
			sourceTree = "<group>";
		};
/* End PBXGroup section */

/* Begin PBXNativeTarget section */
		DD7BB854193F19CF006D05AB /* ToDoList */ = {
			isa = PBXNativeTarget;
			buildConfigurationList = DD7BB86C193F19D0006D05AB /* Build configuration list for PBXNativeTarget "ToDoList" */;
			buildPhases = (
				DD7BB851193F19CF006D05AB /* Sources */,
				DD7BB852193F19CF006D05AB /* Frameworks */,
				DD7BB853193F19CF006D05AB /* Resources */,
			);
			buildRules = (
			);
			dependencies = (
			);
			name = ToDoList;
			productName = ToDoList;
			productReference = DD7BB855193F19CF006D05AB /* ToDoList.app */;
			productType = "com.apple.product-type.application";
		};
		DD7BB861193F19D0006D05AB /* ToDoListTests */ = {
			isa = PBXNativeTarget;
			buildConfigurationList = DD7BB86F193F19D0006D05AB /* Build configuration list for PBXNativeTarget "ToDoListTests" */;
			buildPhases = (
				DD7BB85E193F19D0006D05AB /* Sources */,
				DD7BB85F193F19D0006D05AB /* Frameworks */,
				DD7BB860193F19D0006D05AB /* Resources */,
			);
			buildRules = (
			);
			dependencies = (
				DD7BB864193F19D0006D05AB /* PBXTargetDependency */,
			);
			name = ToDoListTests;
			productName = ToDoListTests;
			productReference = DD7BB862193F19D0006D05AB /* ToDoListTests.xctest */;
			productType = "com.apple.product-type.bundle.unit-test";
		};
/* End PBXNativeTarget section */

/* Begin PBXProject section */
		DD7BB84D193F19CF006D05AB /* Project object */ = {
			isa = PBXProject;
			attributes = {
				LastUpgradeCheck = 0600;
				TargetAttributes = {
					DD7BB854193F19CF006D05AB = {
						CreatedOnToolsVersion = 6.0;
					};
					DD7BB861193F19D0006D05AB = {
						CreatedOnToolsVersion = 6.0;
						TestTargetID = DD7BB854193F19CF006D05AB;
					};
				};
			};
			buildConfigurationList = DD7BB850193F19CF006D05AB /* Build configuration list for PBXProject "ToDoList" */;
			compatibilityVersion = "Xcode 3.2";
			developmentRegion = English;
			hasScannedForEncodings = 0;
			knownRegions = (
				en,
			);
			mainGroup = DD7BB84C193F19CF006D05AB;
			productRefGroup = DD7BB856193F19CF006D05AB /* Products */;
			projectDirPath = "";
			projectRoot = "";
			targets = (
				DD7BB854193F19CF006D05AB /* ToDoList */,
				DD7BB861193F19D0006D05AB /* ToDoListTests */,
			);
		};
/* End PBXProject section */

/* Begin PBXResourcesBuildPhase section */
		DD7BB853193F19CF006D05AB /* Resources */ = {
			isa = PBXResourcesBuildPhase;
			buildActionMask = 2147483647;
			files = (
				DD7BB85D193F19CF006D05AB /* Images.xcassets in Resources */,
			);
			runOnlyForDeploymentPostprocessing = 0;
		};
		DD7BB860193F19D0006D05AB /* Resources */ = {
			isa = PBXResourcesBuildPhase;
			buildActionMask = 2147483647;
			files = (
			);
			runOnlyForDeploymentPostprocessing = 0;
		};
/* End PBXResourcesBuildPhase section */

/* Begin PBXSourcesBuildPhase section */
		DD7BB851193F19CF006D05AB /* Sources */ = {
			isa = PBXSourcesBuildPhase;
			buildActionMask = 2147483647;
			files = (
				DD7BB85B193F19CF006D05AB /* AppDelegate.swift in Sources */,
			);
			runOnlyForDeploymentPostprocessing = 0;
		};
		DD7BB85E193F19D0006D05AB /* Sources */ = {
			isa = PBXSourcesBuildPhase;
			buildActionMask = 2147483647;
			files = (
				DD7BB869193F19D0006D05AB /* ToDoListTests.swift in Sources */,
			);
			runOnlyForDeploymentPostprocessing = 0;
		};
/* End PBXSourcesBuildPhase section */

/* Begin PBXTargetDependency section */
		DD7BB864193F19D0006D05AB /* PBXTargetDependency */ = {
			isa = PBXTargetDependency;
			target = DD7BB854193F19CF006D05AB /* ToDoList */;
			targetProxy = DD7BB863193F19D0006D05AB /* PBXContainerItemProxy */;
		};
/* End PBXTargetDependency section */

/* Begin XCBuildConfiguration section */
		DD7BB86A193F19D0006D05AB /* Debug */ = {
			isa = XCBuildConfiguration;
			buildSettings = {
				ALWAYS_SEARCH_USER_PATHS = NO;
				CLANG_CXX_LANGUAGE_STANDARD = "gnu++0x";
				CLANG_CXX_LIBRARY = "libc++";
				CLANG_ENABLE_MODULES = YES;
				CLANG_ENABLE_OBJC_ARC = YES;
				CLANG_WARN_BOOL_CONVERSION = YES;
				CLANG_WARN_CONSTANT_CONVERSION = YES;
				CLANG_WARN_DIRECT_OBJC_ISA_USAGE = YES_ERROR;
				CLANG_WARN_EMPTY_BODY = YES;
				CLANG_WARN_ENUM_CONVERSION = YES;
				CLANG_WARN_INT_CONVERSION = YES;
				CLANG_WARN_OBJC_ROOT_CLASS = YES_ERROR;
				CLANG_WARN_UNREACHABLE_CODE = YES;
				CLANG_WARN__DUPLICATE_METHOD_MATCH = YES;
				"CODE_SIGN_IDENTITY[sdk=iphoneos*]" = "iPhone Developer";
				COPY_PHASE_STRIP = NO;
				ENABLE_STRICT_OBJC_MSGSEND = YES;
				GCC_C_LANGUAGE_STANDARD = gnu99;
				GCC_DYNAMIC_NO_PIC = NO;
				GCC_OPTIMIZATION_LEVEL = 0;
				GCC_PREPROCESSOR_DEFINITIONS = (
					"DEBUG=1",
					"$(inherited)",
				);
				GCC_SYMBOLS_PRIVATE_EXTERN = NO;
				GCC_WARN_64_TO_32_BIT_CONVERSION = YES;
				GCC_WARN_ABOUT_RETURN_TYPE = YES_ERROR;
				GCC_WARN_UNDECLARED_SELECTOR = YES;
				GCC_WARN_UNINITIALIZED_AUTOS = YES_AGGRESSIVE;
				GCC_WARN_UNUSED_FUNCTION = YES;
				GCC_WARN_UNUSED_VARIABLE = YES;
				IPHONEOS_DEPLOYMENT_TARGET = 8.0;
				METAL_ENABLE_DEBUG_INFO = YES;
				ONLY_ACTIVE_ARCH = YES;
				SDKROOT = iphoneos;
				SWIFT_OPTIMIZATION_LEVEL = "-Onone";
			};
			name = Debug;
		};
		DD7BB86B193F19D0006D05AB /* Release */ = {
			isa = XCBuildConfiguration;
			buildSettings = {
				ALWAYS_SEARCH_USER_PATHS = NO;
				CLANG_CXX_LANGUAGE_STANDARD = "gnu++0x";
				CLANG_CXX_LIBRARY = "libc++";
				CLANG_ENABLE_MODULES = YES;
				CLANG_ENABLE_OBJC_ARC = YES;
				CLANG_WARN_BOOL_CONVERSION = YES;
				CLANG_WARN_CONSTANT_CONVERSION = YES;
				CLANG_WARN_DIRECT_OBJC_ISA_USAGE = YES_ERROR;
				CLANG_WARN_EMPTY_BODY = YES;
				CLANG_WARN_ENUM_CONVERSION = YES;
				CLANG_WARN_INT_CONVERSION = YES;
				CLANG_WARN_OBJC_ROOT_CLASS = YES_ERROR;
				CLANG_WARN_UNREACHABLE_CODE = YES;
				CLANG_WARN__DUPLICATE_METHOD_MATCH = YES;
				"CODE_SIGN_IDENTITY[sdk=iphoneos*]" = "iPhone Developer";
				COPY_PHASE_STRIP = YES;
				ENABLE_NS_ASSERTIONS = NO;
				ENABLE_STRICT_OBJC_MSGSEND = YES;
				GCC_C_LANGUAGE_STANDARD = gnu99;
				GCC_WARN_64_TO_32_BIT_CONVERSION = YES;
				GCC_WARN_ABOUT_RETURN_TYPE = YES_ERROR;
				GCC_WARN_UNDECLARED_SELECTOR = YES;
				GCC_WARN_UNINITIALIZED_AUTOS = YES_AGGRESSIVE;
				GCC_WARN_UNUSED_FUNCTION = YES;
				GCC_WARN_UNUSED_VARIABLE = YES;
				IPHONEOS_DEPLOYMENT_TARGET = 8.0;
				METAL_ENABLE_DEBUG_INFO = NO;
				SDKROOT = iphoneos;
				VALIDATE_PRODUCT = YES;
			};
			name = Release;
		};
		DD7BB86D193F19D0006D05AB /* Debug */ = {
			isa = XCBuildConfiguration;
			buildSettings = {
				ASSETCATALOG_COMPILER_APPICON_NAME = AppIcon;
				ASSETCATALOG_COMPILER_LAUNCHIMAGE_NAME = LaunchImage;
				INFOPLIST_FILE = ToDoList/Info.plist;
				LD_RUNPATH_SEARCH_PATHS = "$(inherited) @executable_path/Frameworks";
				PRODUCT_NAME = "$(TARGET_NAME)";
			};
			name = Debug;
		};
		DD7BB86E193F19D0006D05AB /* Release */ = {
			isa = XCBuildConfiguration;
			buildSettings = {
				ASSETCATALOG_COMPILER_APPICON_NAME = AppIcon;
				ASSETCATALOG_COMPILER_LAUNCHIMAGE_NAME = LaunchImage;
				INFOPLIST_FILE = ToDoList/Info.plist;
				LD_RUNPATH_SEARCH_PATHS = "$(inherited) @executable_path/Frameworks";
				PRODUCT_NAME = "$(TARGET_NAME)";
			};
			name = Release;
		};
		DD7BB870193F19D0006D05AB /* Debug */ = {
			isa = XCBuildConfiguration;
			buildSettings = {
				BUNDLE_LOADER = "$(BUILT_PRODUCTS_DIR)/ToDoList.app/ToDoList";
				FRAMEWORK_SEARCH_PATHS = (
					"$(SDKROOT)/Developer/Library/Frameworks",
					"$(inherited)",
				);
				GCC_PREPROCESSOR_DEFINITIONS = (
					"DEBUG=1",
					"$(inherited)",
				);
				INFOPLIST_FILE = ToDoListTests/Info.plist;
				LD_RUNPATH_SEARCH_PATHS = "$(inherited) @executable_path/Frameworks @loader_path/Frameworks";
				METAL_ENABLE_DEBUG_INFO = YES;
				PRODUCT_NAME = "$(TARGET_NAME)";
				TEST_HOST = "$(BUNDLE_LOADER)";
			};
			name = Debug;
		};
		DD7BB871193F19D0006D05AB /* Release */ = {
			isa = XCBuildConfiguration;
			buildSettings = {
				BUNDLE_LOADER = "$(BUILT_PRODUCTS_DIR)/ToDoList.app/ToDoList";
				FRAMEWORK_SEARCH_PATHS = (
					"$(SDKROOT)/Developer/Library/Frameworks",
					"$(inherited)",
				);
				INFOPLIST_FILE = ToDoListTests/Info.plist;
				LD_RUNPATH_SEARCH_PATHS = "$(inherited) @executable_path/Frameworks @loader_path/Frameworks";
				METAL_ENABLE_DEBUG_INFO = NO;
				PRODUCT_NAME = "$(TARGET_NAME)";
				TEST_HOST = "$(BUNDLE_LOADER)";
			};
			name = Release;
		};
/* End XCBuildConfiguration section */

/* Begin XCConfigurationList section */
		DD7BB850193F19CF006D05AB /* Build configuration list for PBXProject "ToDoList" */ = {
			isa = XCConfigurationList;
			buildConfigurations = (
				DD7BB86A193F19D0006D05AB /* Debug */,
				DD7BB86B193F19D0006D05AB /* Release */,
			);
			defaultConfigurationIsVisible = 0;
			defaultConfigurationName = Release;
		};
		DD7BB86C193F19D0006D05AB /* Build configuration list for PBXNativeTarget "ToDoList" */ = {
			isa = XCConfigurationList;
			buildConfigurations = (
				DD7BB86D193F19D0006D05AB /* Debug */,
				DD7BB86E193F19D0006D05AB /* Release */,
			);
			defaultConfigurationIsVisible = 0;
		};
		DD7BB86F193F19D0006D05AB /* Build configuration list for PBXNativeTarget "ToDoListTests" */ = {
			isa = XCConfigurationList;
			buildConfigurations = (
				DD7BB870193F19D0006D05AB /* Debug */,
				DD7BB871193F19D0006D05AB /* Release */,
			);
			defaultConfigurationIsVisible = 0;
		};
/* End XCConfigurationList section */
	};
	rootObject = DD7BB84D193F19CF006D05AB /* Project object */;
}
